
Microsoft Visual Studio Solution File, Format Version 12.00
# Visual Studio Version 16
VisualStudioVersion = 16.0.30804.86
MinimumVisualStudioVersion = 10.0.40219.1
Project("{FAE04EC0-301F-11D3-BF4B-00C04F79EFBC}") = "NetworkingEjercicio3", "NetworkingEjercicio3\NetworkingEjercicio3.csproj", "{F1984A32-15C3-4C10-9A43-3FC75A955612}"
EndProject
Global
	GlobalSection(SolutionConfigurationPlatforms) = preSolution
		Debug|Any CPU = Debug|Any CPU
		Release|Any CPU = Release|Any CPU
	EndGlobalSection
	GlobalSection(ProjectConfigurationPlatforms) = postSolution
		{F1984A32-15C3-4C10-9A43-3FC75A955612}.Debug|Any CPU.ActiveCfg = Debug|Any CPU
		{F1984A32-15C3-4C10-9A43-3FC75A955612}.Debug|Any CPU.Build.0 = Debug|Any CPU
		{F1984A32-15C3-4C10-9A43-3FC75A955612}.Release|Any CPU.ActiveCfg = Release|Any CPU
		{F1984A32-15C3-4C10-9A43-3FC75A955612}.Release|Any CPU.Build.0 = Release|Any CPU
	EndGlobalSection
	GlobalSection(SolutionProperties) = preSolution
		HideSolutionNode = FALSE
	EndGlobalSection
	GlobalSection(ExtensibilityGlobals) = postSolution
		SolutionGuid = {8044551A-49F3-4E41-932E-4BE220A6D1E5}
	EndGlobalSection
EndGlobal
